// !$*UTF8*$!
{
	archiveVersion = 1;
	classes = {
	};
	objectVersion = 56;
	objects = {

/* Begin PBXBuildFile section */
		6E3CBC6A2B56642D007B9FF9 /* AppDelegate.swift in Sources */ = {isa = PBXBuildFile; fileRef = 6E3CBC692B56642D007B9FF9 /* AppDelegate.swift */; };
		6E3CBC6C2B56642D007B9FF9 /* SceneDelegate.swift in Sources */ = {isa = PBXBuildFile; fileRef = 6E3CBC6B2B56642D007B9FF9 /* SceneDelegate.swift */; };
		6E3CBC6E2B56642D007B9FF9 /* LottoViewController.swift in Sources */ = {isa = PBXBuildFile; fileRef = 6E3CBC6D2B56642D007B9FF9 /* LottoViewController.swift */; };
		6E3CBC712B56642D007B9FF9 /* Main.storyboard in Resources */ = {isa = PBXBuildFile; fileRef = 6E3CBC6F2B56642D007B9FF9 /* Main.storyboard */; };
		6E3CBC732B56642F007B9FF9 /* Assets.xcassets in Resources */ = {isa = PBXBuildFile; fileRef = 6E3CBC722B56642F007B9FF9 /* Assets.xcassets */; };
		6E3CBC762B56642F007B9FF9 /* LaunchScreen.storyboard in Resources */ = {isa = PBXBuildFile; fileRef = 6E3CBC742B56642F007B9FF9 /* LaunchScreen.storyboard */; };
		6E3CBC832B566AB3007B9FF9 /* Constant.swift in Sources */ = {isa = PBXBuildFile; fileRef = 6E3CBC822B566AB3007B9FF9 /* Constant.swift */; };
		6E3CBC862B566F2D007B9FF9 /* Alamofire in Frameworks */ = {isa = PBXBuildFile; productRef = 6E3CBC852B566F2D007B9FF9 /* Alamofire */; };
		6E3CBC882B566F41007B9FF9 /* APIManager.swift in Sources */ = {isa = PBXBuildFile; fileRef = 6E3CBC872B566F41007B9FF9 /* APIManager.swift */; };
		6E3CBC8A2B566F9A007B9FF9 /* Lotto.swift in Sources */ = {isa = PBXBuildFile; fileRef = 6E3CBC892B566F9A007B9FF9 /* Lotto.swift */; };
		6E3CBC922B567286007B9FF9 /* AppDelegate.swift in Sources */ = {isa = PBXBuildFile; fileRef = 6E3CBC912B567286007B9FF9 /* AppDelegate.swift */; };
		6E3CBC942B567286007B9FF9 /* SceneDelegate.swift in Sources */ = {isa = PBXBuildFile; fileRef = 6E3CBC932B567286007B9FF9 /* SceneDelegate.swift */; };
		6E3CBC962B567286007B9FF9 /* RecommendBeerViewController.swift in Sources */ = {isa = PBXBuildFile; fileRef = 6E3CBC952B567286007B9FF9 /* RecommendBeerViewController.swift */; };
		6E3CBC992B567286007B9FF9 /* Main.storyboard in Resources */ = {isa = PBXBuildFile; fileRef = 6E3CBC972B567286007B9FF9 /* Main.storyboard */; };
		6E3CBC9B2B567288007B9FF9 /* Assets.xcassets in Resources */ = {isa = PBXBuildFile; fileRef = 6E3CBC9A2B567288007B9FF9 /* Assets.xcassets */; };
		6E3CBC9E2B567288007B9FF9 /* LaunchScreen.storyboard in Resources */ = {isa = PBXBuildFile; fileRef = 6E3CBC9C2B567288007B9FF9 /* LaunchScreen.storyboard */; };
		6E3CBCAE2B567379007B9FF9 /* Kingfisher in Frameworks */ = {isa = PBXBuildFile; productRef = 6E3CBCAD2B567379007B9FF9 /* Kingfisher */; };
		6E3CBCB02B56748A007B9FF9 /* Constant.swift in Sources */ = {isa = PBXBuildFile; fileRef = 6E3CBCAF2B56748A007B9FF9 /* Constant.swift */; };
		6E3CBCB22B567510007B9FF9 /* APIManager.swift in Sources */ = {isa = PBXBuildFile; fileRef = 6E3CBCB12B567510007B9FF9 /* APIManager.swift */; };
		6E3CBCB92B56777A007B9FF9 /* UITableView+.swift in Sources */ = {isa = PBXBuildFile; fileRef = 6E3CBCB42B56777A007B9FF9 /* UITableView+.swift */; };
		6E3CBCBA2B56777A007B9FF9 /* UILabel+.swift in Sources */ = {isa = PBXBuildFile; fileRef = 6E3CBCB52B56777A007B9FF9 /* UILabel+.swift */; };
		6E3CBCBB2B56777A007B9FF9 /* CellConfigurable.swift in Sources */ = {isa = PBXBuildFile; fileRef = 6E3CBCB62B56777A007B9FF9 /* CellConfigurable.swift */; };
		6E3CBCBC2B56777A007B9FF9 /* UIConfigurable.swift in Sources */ = {isa = PBXBuildFile; fileRef = 6E3CBCB72B56777A007B9FF9 /* UIConfigurable.swift */; };
		6E3CBCBD2B56777A007B9FF9 /* CellConfigurable+.swift in Sources */ = {isa = PBXBuildFile; fileRef = 6E3CBCB82B56777A007B9FF9 /* CellConfigurable+.swift */; };
		6E3CBCBF2B567913007B9FF9 /* Beer.swift in Sources */ = {isa = PBXBuildFile; fileRef = 6E3CBCBE2B567913007B9FF9 /* Beer.swift */; };
		6E3CBCC12B5679FB007B9FF9 /* Model.swift in Sources */ = {isa = PBXBuildFile; fileRef = 6E3CBCC02B5679FB007B9FF9 /* Model.swift */; };
		6E3CBCC42B567AF0007B9FF9 /* Alamofire in Frameworks */ = {isa = PBXBuildFile; productRef = 6E3CBCC32B567AF0007B9FF9 /* Alamofire */; };
		6E3CBCC62B567D52007B9FF9 /* BeerTableViewController.swift in Sources */ = {isa = PBXBuildFile; fileRef = 6E3CBCC52B567D52007B9FF9 /* BeerTableViewController.swift */; };
		6E3CBCC92B567F1B007B9FF9 /* BeerTableViewCell.swift in Sources */ = {isa = PBXBuildFile; fileRef = 6E3CBCC72B567F1B007B9FF9 /* BeerTableViewCell.swift */; };
		6E3CBCCA2B567F1B007B9FF9 /* BeerTableViewCell.xib in Resources */ = {isa = PBXBuildFile; fileRef = 6E3CBCC82B567F1B007B9FF9 /* BeerTableViewCell.xib */; };
/* End PBXBuildFile section */

/* Begin PBXFileReference section */
		6E3CBC662B56642D007B9FF9 /* Lotto.app */ = {isa = PBXFileReference; explicitFileType = wrapper.application; includeInIndex = 0; path = Lotto.app; sourceTree = BUILT_PRODUCTS_DIR; };
		6E3CBC692B56642D007B9FF9 /* AppDelegate.swift */ = {isa = PBXFileReference; lastKnownFileType = sourcecode.swift; path = AppDelegate.swift; sourceTree = "<group>"; };
		6E3CBC6B2B56642D007B9FF9 /* SceneDelegate.swift */ = {isa = PBXFileReference; lastKnownFileType = sourcecode.swift; path = SceneDelegate.swift; sourceTree = "<group>"; };
		6E3CBC6D2B56642D007B9FF9 /* LottoViewController.swift */ = {isa = PBXFileReference; lastKnownFileType = sourcecode.swift; path = LottoViewController.swift; sourceTree = "<group>"; };
		6E3CBC702B56642D007B9FF9 /* Base */ = {isa = PBXFileReference; lastKnownFileType = file.storyboard; name = Base; path = Base.lproj/Main.storyboard; sourceTree = "<group>"; };
		6E3CBC722B56642F007B9FF9 /* Assets.xcassets */ = {isa = PBXFileReference; lastKnownFileType = folder.assetcatalog; path = Assets.xcassets; sourceTree = "<group>"; };
		6E3CBC752B56642F007B9FF9 /* Base */ = {isa = PBXFileReference; lastKnownFileType = file.storyboard; name = Base; path = Base.lproj/LaunchScreen.storyboard; sourceTree = "<group>"; };
		6E3CBC772B56642F007B9FF9 /* Info.plist */ = {isa = PBXFileReference; lastKnownFileType = text.plist.xml; path = Info.plist; sourceTree = "<group>"; };
		6E3CBC822B566AB3007B9FF9 /* Constant.swift */ = {isa = PBXFileReference; lastKnownFileType = sourcecode.swift; path = Constant.swift; sourceTree = "<group>"; };
		6E3CBC872B566F41007B9FF9 /* APIManager.swift */ = {isa = PBXFileReference; lastKnownFileType = sourcecode.swift; path = APIManager.swift; sourceTree = "<group>"; };
		6E3CBC892B566F9A007B9FF9 /* Lotto.swift */ = {isa = PBXFileReference; lastKnownFileType = sourcecode.swift; path = Lotto.swift; sourceTree = "<group>"; };
		6E3CBC8F2B567286007B9FF9 /* Beer.app */ = {isa = PBXFileReference; explicitFileType = wrapper.application; includeInIndex = 0; path = Beer.app; sourceTree = BUILT_PRODUCTS_DIR; };
		6E3CBC912B567286007B9FF9 /* AppDelegate.swift */ = {isa = PBXFileReference; lastKnownFileType = sourcecode.swift; path = AppDelegate.swift; sourceTree = "<group>"; };
		6E3CBC932B567286007B9FF9 /* SceneDelegate.swift */ = {isa = PBXFileReference; lastKnownFileType = sourcecode.swift; path = SceneDelegate.swift; sourceTree = "<group>"; };
		6E3CBC952B567286007B9FF9 /* RecommendBeerViewController.swift */ = {isa = PBXFileReference; lastKnownFileType = sourcecode.swift; path = RecommendBeerViewController.swift; sourceTree = "<group>"; };
		6E3CBC982B567286007B9FF9 /* Base */ = {isa = PBXFileReference; lastKnownFileType = file.storyboard; name = Base; path = Base.lproj/Main.storyboard; sourceTree = "<group>"; };
		6E3CBC9A2B567288007B9FF9 /* Assets.xcassets */ = {isa = PBXFileReference; lastKnownFileType = folder.assetcatalog; path = Assets.xcassets; sourceTree = "<group>"; };
		6E3CBC9D2B567288007B9FF9 /* Base */ = {isa = PBXFileReference; lastKnownFileType = file.storyboard; name = Base; path = Base.lproj/LaunchScreen.storyboard; sourceTree = "<group>"; };
		6E3CBC9F2B567288007B9FF9 /* Info.plist */ = {isa = PBXFileReference; lastKnownFileType = text.plist.xml; path = Info.plist; sourceTree = "<group>"; };
		6E3CBCAF2B56748A007B9FF9 /* Constant.swift */ = {isa = PBXFileReference; lastKnownFileType = sourcecode.swift; path = Constant.swift; sourceTree = "<group>"; };
		6E3CBCB12B567510007B9FF9 /* APIManager.swift */ = {isa = PBXFileReference; lastKnownFileType = sourcecode.swift; path = APIManager.swift; sourceTree = "<group>"; };
		6E3CBCB42B56777A007B9FF9 /* UITableView+.swift */ = {isa = PBXFileReference; fileEncoding = 4; lastKnownFileType = sourcecode.swift; path = "UITableView+.swift"; sourceTree = "<group>"; };
		6E3CBCB52B56777A007B9FF9 /* UILabel+.swift */ = {isa = PBXFileReference; fileEncoding = 4; lastKnownFileType = sourcecode.swift; path = "UILabel+.swift"; sourceTree = "<group>"; };
		6E3CBCB62B56777A007B9FF9 /* CellConfigurable.swift */ = {isa = PBXFileReference; fileEncoding = 4; lastKnownFileType = sourcecode.swift; path = CellConfigurable.swift; sourceTree = "<group>"; };
		6E3CBCB72B56777A007B9FF9 /* UIConfigurable.swift */ = {isa = PBXFileReference; fileEncoding = 4; lastKnownFileType = sourcecode.swift; path = UIConfigurable.swift; sourceTree = "<group>"; };
		6E3CBCB82B56777A007B9FF9 /* CellConfigurable+.swift */ = {isa = PBXFileReference; fileEncoding = 4; lastKnownFileType = sourcecode.swift; path = "CellConfigurable+.swift"; sourceTree = "<group>"; };
		6E3CBCBE2B567913007B9FF9 /* Beer.swift */ = {isa = PBXFileReference; lastKnownFileType = sourcecode.swift; path = Beer.swift; sourceTree = "<group>"; };
		6E3CBCC02B5679FB007B9FF9 /* Model.swift */ = {isa = PBXFileReference; lastKnownFileType = sourcecode.swift; path = Model.swift; sourceTree = "<group>"; };
		6E3CBCC52B567D52007B9FF9 /* BeerTableViewController.swift */ = {isa = PBXFileReference; lastKnownFileType = sourcecode.swift; path = BeerTableViewController.swift; sourceTree = "<group>"; };
		6E3CBCC72B567F1B007B9FF9 /* BeerTableViewCell.swift */ = {isa = PBXFileReference; lastKnownFileType = sourcecode.swift; path = BeerTableViewCell.swift; sourceTree = "<group>"; };
		6E3CBCC82B567F1B007B9FF9 /* BeerTableViewCell.xib */ = {isa = PBXFileReference; lastKnownFileType = file.xib; path = BeerTableViewCell.xib; sourceTree = "<group>"; };
/* End PBXFileReference section */

/* Begin PBXFrameworksBuildPhase section */
		6E3CBC632B56642D007B9FF9 /* Frameworks */ = {
			isa = PBXFrameworksBuildPhase;
			buildActionMask = 2147483647;
			files = (
				6E3CBC862B566F2D007B9FF9 /* Alamofire in Frameworks */,
			);
			runOnlyForDeploymentPostprocessing = 0;
		};
		6E3CBC8C2B567286007B9FF9 /* Frameworks */ = {
			isa = PBXFrameworksBuildPhase;
			buildActionMask = 2147483647;
			files = (
				6E3CBCAE2B567379007B9FF9 /* Kingfisher in Frameworks */,
				6E3CBCC42B567AF0007B9FF9 /* Alamofire in Frameworks */,
			);
			runOnlyForDeploymentPostprocessing = 0;
		};
/* End PBXFrameworksBuildPhase section */

/* Begin PBXGroup section */
		6E3CBC5D2B56642D007B9FF9 = {
			isa = PBXGroup;
			children = (
				6E3CBC682B56642D007B9FF9 /* Lotto */,
				6E3CBC902B567286007B9FF9 /* Beer */,
				6E3CBC672B56642D007B9FF9 /* Products */,
				6E3CBCC22B567AF0007B9FF9 /* Frameworks */,
			);
			sourceTree = "<group>";
		};
		6E3CBC672B56642D007B9FF9 /* Products */ = {
			isa = PBXGroup;
			children = (
				6E3CBC662B56642D007B9FF9 /* Lotto.app */,
				6E3CBC8F2B567286007B9FF9 /* Beer.app */,
			);
			name = Products;
			sourceTree = "<group>";
		};
		6E3CBC682B56642D007B9FF9 /* Lotto */ = {
			isa = PBXGroup;
			children = (
				6E3CBC7D2B5669CC007B9FF9 /* App */,
				6E3CBC722B56642F007B9FF9 /* Assets.xcassets */,
				6E3CBC7E2B5669CE007B9FF9 /* Config */,
				6E3CBC7F2B5669D0007B9FF9 /* Data */,
				6E3CBC802B5669D2007B9FF9 /* Presenter */,
				6E3CBC812B5669D4007B9FF9 /* Utility */,
			);
			path = Lotto;
			sourceTree = "<group>";
		};
		6E3CBC7D2B5669CC007B9FF9 /* App */ = {
			isa = PBXGroup;
			children = (
				6E3CBC692B56642D007B9FF9 /* AppDelegate.swift */,
				6E3CBC6B2B56642D007B9FF9 /* SceneDelegate.swift */,
			);
			path = App;
			sourceTree = "<group>";
		};
		6E3CBC7E2B5669CE007B9FF9 /* Config */ = {
			isa = PBXGroup;
			children = (
				6E3CBC772B56642F007B9FF9 /* Info.plist */,
			);
			path = Config;
			sourceTree = "<group>";
		};
		6E3CBC7F2B5669D0007B9FF9 /* Data */ = {
			isa = PBXGroup;
			children = (
				6E3CBC892B566F9A007B9FF9 /* Lotto.swift */,
			);
			path = Data;
			sourceTree = "<group>";
		};
		6E3CBC802B5669D2007B9FF9 /* Presenter */ = {
			isa = PBXGroup;
			children = (
				6E3CBC6F2B56642D007B9FF9 /* Main.storyboard */,
				6E3CBC742B56642F007B9FF9 /* LaunchScreen.storyboard */,
				6E3CBC6D2B56642D007B9FF9 /* LottoViewController.swift */,
			);
			path = Presenter;
			sourceTree = "<group>";
		};
		6E3CBC812B5669D4007B9FF9 /* Utility */ = {
			isa = PBXGroup;
			children = (
				6E3CBC822B566AB3007B9FF9 /* Constant.swift */,
				6E3CBC872B566F41007B9FF9 /* APIManager.swift */,
			);
			path = Utility;
			sourceTree = "<group>";
		};
		6E3CBC902B567286007B9FF9 /* Beer */ = {
			isa = PBXGroup;
			children = (
				6E3CBCA32B56729B007B9FF9 /* App */,
				6E3CBC9A2B567288007B9FF9 /* Assets.xcassets */,
				6E3CBCA42B56729D007B9FF9 /* Config */,
				6E3CBCA52B5672A0007B9FF9 /* Data */,
				6E3CBCA62B5672A3007B9FF9 /* Presenter */,
				6E3CBCA72B5672A5007B9FF9 /* Utility */,
			);
			path = Beer;
			sourceTree = "<group>";
		};
		6E3CBCA32B56729B007B9FF9 /* App */ = {
			isa = PBXGroup;
			children = (
				6E3CBC912B567286007B9FF9 /* AppDelegate.swift */,
				6E3CBC932B567286007B9FF9 /* SceneDelegate.swift */,
			);
			path = App;
			sourceTree = "<group>";
		};
		6E3CBCA42B56729D007B9FF9 /* Config */ = {
			isa = PBXGroup;
			children = (
				6E3CBC9F2B567288007B9FF9 /* Info.plist */,
			);
			path = Config;
			sourceTree = "<group>";
		};
		6E3CBCA52B5672A0007B9FF9 /* Data */ = {
			isa = PBXGroup;
			children = (
				6E3CBCBE2B567913007B9FF9 /* Beer.swift */,
			);
			path = Data;
			sourceTree = "<group>";
		};
		6E3CBCA62B5672A3007B9FF9 /* Presenter */ = {
			isa = PBXGroup;
			children = (
				6E3CBC9C2B567288007B9FF9 /* LaunchScreen.storyboard */,
				6E3CBC972B567286007B9FF9 /* Main.storyboard */,
				6E3CBCA92B5672BE007B9FF9 /* List */,
				6E3CBCA82B5672B9007B9FF9 /* Recommend */,
			);
			path = Presenter;
			sourceTree = "<group>";
		};
		6E3CBCA72B5672A5007B9FF9 /* Utility */ = {
			isa = PBXGroup;
			children = (
				6E3CBCAF2B56748A007B9FF9 /* Constant.swift */,
				6E3CBCB12B567510007B9FF9 /* APIManager.swift */,
				6E3CBCB32B567711007B9FF9 /* Protocol+Extension */,
			);
			path = Utility;
			sourceTree = "<group>";
		};
		6E3CBCA82B5672B9007B9FF9 /* Recommend */ = {
			isa = PBXGroup;
			children = (
				6E3CBC952B567286007B9FF9 /* RecommendBeerViewController.swift */,
			);
			path = Recommend;
			sourceTree = "<group>";
		};
		6E3CBCA92B5672BE007B9FF9 /* List */ = {
			isa = PBXGroup;
			children = (
				6E3CBCC52B567D52007B9FF9 /* BeerTableViewController.swift */,
				6E3CBCC72B567F1B007B9FF9 /* BeerTableViewCell.swift */,
				6E3CBCC82B567F1B007B9FF9 /* BeerTableViewCell.xib */,
			);
			path = List;
			sourceTree = "<group>";
		};
		6E3CBCB32B567711007B9FF9 /* Protocol+Extension */ = {
			isa = PBXGroup;
			children = (
				6E3CBCB62B56777A007B9FF9 /* CellConfigurable.swift */,
				6E3CBCB82B56777A007B9FF9 /* CellConfigurable+.swift */,
				6E3CBCC02B5679FB007B9FF9 /* Model.swift */,
				6E3CBCB72B56777A007B9FF9 /* UIConfigurable.swift */,
				6E3CBCB52B56777A007B9FF9 /* UILabel+.swift */,
				6E3CBCB42B56777A007B9FF9 /* UITableView+.swift */,
			);
			path = "Protocol+Extension";
			sourceTree = "<group>";
		};
		6E3CBCC22B567AF0007B9FF9 /* Frameworks */ = {
			isa = PBXGroup;
			children = (
			);
			name = Frameworks;
			sourceTree = "<group>";
		};
/* End PBXGroup section */

/* Begin PBXNativeTarget section */
		6E3CBC652B56642D007B9FF9 /* Lotto */ = {
			isa = PBXNativeTarget;
			buildConfigurationList = 6E3CBC7A2B56642F007B9FF9 /* Build configuration list for PBXNativeTarget "Lotto" */;
			buildPhases = (
				6E3CBC622B56642D007B9FF9 /* Sources */,
				6E3CBC632B56642D007B9FF9 /* Frameworks */,
				6E3CBC642B56642D007B9FF9 /* Resources */,
			);
			buildRules = (
			);
			dependencies = (
			);
			name = Lotto;
			packageProductDependencies = (
				6E3CBC852B566F2D007B9FF9 /* Alamofire */,
			);
			productName = "SeSAC-Mission-Network";
			productReference = 6E3CBC662B56642D007B9FF9 /* Lotto.app */;
			productType = "com.apple.product-type.application";
		};
		6E3CBC8E2B567286007B9FF9 /* Beer */ = {
			isa = PBXNativeTarget;
			buildConfigurationList = 6E3CBCA02B567288007B9FF9 /* Build configuration list for PBXNativeTarget "Beer" */;
			buildPhases = (
				6E3CBC8B2B567286007B9FF9 /* Sources */,
				6E3CBC8C2B567286007B9FF9 /* Frameworks */,
				6E3CBC8D2B567286007B9FF9 /* Resources */,
			);
			buildRules = (
			);
			dependencies = (
			);
			name = Beer;
			packageProductDependencies = (
				6E3CBCAD2B567379007B9FF9 /* Kingfisher */,
				6E3CBCC32B567AF0007B9FF9 /* Alamofire */,
			);
			productName = Beer;
			productReference = 6E3CBC8F2B567286007B9FF9 /* Beer.app */;
			productType = "com.apple.product-type.application";
		};
/* End PBXNativeTarget section */

/* Begin PBXProject section */
		6E3CBC5E2B56642D007B9FF9 /* Project object */ = {
			isa = PBXProject;
			attributes = {
				BuildIndependentTargetsInParallel = 1;
				LastSwiftUpdateCheck = 1520;
				LastUpgradeCheck = 1520;
				TargetAttributes = {
					6E3CBC652B56642D007B9FF9 = {
						CreatedOnToolsVersion = 15.2;
					};
					6E3CBC8E2B567286007B9FF9 = {
						CreatedOnToolsVersion = 15.2;
					};
				};
			};
			buildConfigurationList = 6E3CBC612B56642D007B9FF9 /* Build configuration list for PBXProject "SeSAC-Mission-Network" */;
			compatibilityVersion = "Xcode 14.0";
			developmentRegion = en;
			hasScannedForEncodings = 0;
			knownRegions = (
				en,
				Base,
			);
			mainGroup = 6E3CBC5D2B56642D007B9FF9;
			packageReferences = (
				6E3CBC842B566F2D007B9FF9 /* XCRemoteSwiftPackageReference "Alamofire" */,
				6E3CBCAC2B567379007B9FF9 /* XCRemoteSwiftPackageReference "Kingfisher" */,
			);
			productRefGroup = 6E3CBC672B56642D007B9FF9 /* Products */;
			projectDirPath = "";
			projectRoot = "";
			targets = (
				6E3CBC652B56642D007B9FF9 /* Lotto */,
				6E3CBC8E2B567286007B9FF9 /* Beer */,
			);
		};
/* End PBXProject section */

/* Begin PBXResourcesBuildPhase section */
		6E3CBC642B56642D007B9FF9 /* Resources */ = {
			isa = PBXResourcesBuildPhase;
			buildActionMask = 2147483647;
			files = (
				6E3CBC762B56642F007B9FF9 /* LaunchScreen.storyboard in Resources */,
				6E3CBC732B56642F007B9FF9 /* Assets.xcassets in Resources */,
				6E3CBC712B56642D007B9FF9 /* Main.storyboard in Resources */,
			);
			runOnlyForDeploymentPostprocessing = 0;
		};
		6E3CBC8D2B567286007B9FF9 /* Resources */ = {
			isa = PBXResourcesBuildPhase;
			buildActionMask = 2147483647;
			files = (
				6E3CBC9E2B567288007B9FF9 /* LaunchScreen.storyboard in Resources */,
				6E3CBC9B2B567288007B9FF9 /* Assets.xcassets in Resources */,
				6E3CBC992B567286007B9FF9 /* Main.storyboard in Resources */,
				6E3CBCCA2B567F1B007B9FF9 /* BeerTableViewCell.xib in Resources */,
			);
			runOnlyForDeploymentPostprocessing = 0;
		};
/* End PBXResourcesBuildPhase section */

/* Begin PBXSourcesBuildPhase section */
		6E3CBC622B56642D007B9FF9 /* Sources */ = {
			isa = PBXSourcesBuildPhase;
			buildActionMask = 2147483647;
			files = (
				6E3CBC8A2B566F9A007B9FF9 /* Lotto.swift in Sources */,
				6E3CBC6E2B56642D007B9FF9 /* LottoViewController.swift in Sources */,
				6E3CBC6A2B56642D007B9FF9 /* AppDelegate.swift in Sources */,
				6E3CBC882B566F41007B9FF9 /* APIManager.swift in Sources */,
				6E3CBC6C2B56642D007B9FF9 /* SceneDelegate.swift in Sources */,
				6E3CBC832B566AB3007B9FF9 /* Constant.swift in Sources */,
			);
			runOnlyForDeploymentPostprocessing = 0;
		};
		6E3CBC8B2B567286007B9FF9 /* Sources */ = {
			isa = PBXSourcesBuildPhase;
			buildActionMask = 2147483647;
			files = (
				6E3CBC962B567286007B9FF9 /* RecommendBeerViewController.swift in Sources */,
				6E3CBCC92B567F1B007B9FF9 /* BeerTableViewCell.swift in Sources */,
				6E3CBC922B567286007B9FF9 /* AppDelegate.swift in Sources */,
				6E3CBCBD2B56777A007B9FF9 /* CellConfigurable+.swift in Sources */,
				6E3CBCC12B5679FB007B9FF9 /* Model.swift in Sources */,
				6E3CBCBF2B567913007B9FF9 /* Beer.swift in Sources */,
				6E3CBCBC2B56777A007B9FF9 /* UIConfigurable.swift in Sources */,
				6E3CBCBB2B56777A007B9FF9 /* CellConfigurable.swift in Sources */,
				6E3CBCB22B567510007B9FF9 /* APIManager.swift in Sources */,
				6E3CBCB92B56777A007B9FF9 /* UITableView+.swift in Sources */,
				6E3CBCBA2B56777A007B9FF9 /* UILabel+.swift in Sources */,
				6E3CBC942B567286007B9FF9 /* SceneDelegate.swift in Sources */,
				6E3CBCC62B567D52007B9FF9 /* BeerTableViewController.swift in Sources */,
				6E3CBCB02B56748A007B9FF9 /* Constant.swift in Sources */,
			);
			runOnlyForDeploymentPostprocessing = 0;
		};
/* End PBXSourcesBuildPhase section */

/* Begin PBXVariantGroup section */
		6E3CBC6F2B56642D007B9FF9 /* Main.storyboard */ = {
			isa = PBXVariantGroup;
			children = (
				6E3CBC702B56642D007B9FF9 /* Base */,
			);
			name = Main.storyboard;
			sourceTree = "<group>";
		};
		6E3CBC742B56642F007B9FF9 /* LaunchScreen.storyboard */ = {
			isa = PBXVariantGroup;
			children = (
				6E3CBC752B56642F007B9FF9 /* Base */,
			);
			name = LaunchScreen.storyboard;
			sourceTree = "<group>";
		};
		6E3CBC972B567286007B9FF9 /* Main.storyboard */ = {
			isa = PBXVariantGroup;
			children = (
				6E3CBC982B567286007B9FF9 /* Base */,
			);
			name = Main.storyboard;
			sourceTree = "<group>";
		};
		6E3CBC9C2B567288007B9FF9 /* LaunchScreen.storyboard */ = {
			isa = PBXVariantGroup;
			children = (
				6E3CBC9D2B567288007B9FF9 /* Base */,
			);
			name = LaunchScreen.storyboard;
			sourceTree = "<group>";
		};
/* End PBXVariantGroup section */

/* Begin XCBuildConfiguration section */
		6E3CBC782B56642F007B9FF9 /* Debug */ = {
			isa = XCBuildConfiguration;
			buildSettings = {
				ALWAYS_SEARCH_USER_PATHS = NO;
				ASSETCATALOG_COMPILER_GENERATE_SWIFT_ASSET_SYMBOL_EXTENSIONS = YES;
				CLANG_ANALYZER_NONNULL = YES;
				CLANG_ANALYZER_NUMBER_OBJECT_CONVERSION = YES_AGGRESSIVE;
				CLANG_CXX_LANGUAGE_STANDARD = "gnu++20";
				CLANG_ENABLE_MODULES = YES;
				CLANG_ENABLE_OBJC_ARC = YES;
				CLANG_ENABLE_OBJC_WEAK = YES;
				CLANG_WARN_BLOCK_CAPTURE_AUTORELEASING = YES;
				CLANG_WARN_BOOL_CONVERSION = YES;
				CLANG_WARN_COMMA = YES;
				CLANG_WARN_CONSTANT_CONVERSION = YES;
				CLANG_WARN_DEPRECATED_OBJC_IMPLEMENTATIONS = YES;
				CLANG_WARN_DIRECT_OBJC_ISA_USAGE = YES_ERROR;
				CLANG_WARN_DOCUMENTATION_COMMENTS = YES;
				CLANG_WARN_EMPTY_BODY = YES;
				CLANG_WARN_ENUM_CONVERSION = YES;
				CLANG_WARN_INFINITE_RECURSION = YES;
				CLANG_WARN_INT_CONVERSION = YES;
				CLANG_WARN_NON_LITERAL_NULL_CONVERSION = YES;
				CLANG_WARN_OBJC_IMPLICIT_RETAIN_SELF = YES;
				CLANG_WARN_OBJC_LITERAL_CONVERSION = YES;
				CLANG_WARN_OBJC_ROOT_CLASS = YES_ERROR;
				CLANG_WARN_QUOTED_INCLUDE_IN_FRAMEWORK_HEADER = YES;
				CLANG_WARN_RANGE_LOOP_ANALYSIS = YES;
				CLANG_WARN_STRICT_PROTOTYPES = YES;
				CLANG_WARN_SUSPICIOUS_MOVE = YES;
				CLANG_WARN_UNGUARDED_AVAILABILITY = YES_AGGRESSIVE;
				CLANG_WARN_UNREACHABLE_CODE = YES;
				CLANG_WARN__DUPLICATE_METHOD_MATCH = YES;
				COPY_PHASE_STRIP = NO;
				DEBUG_INFORMATION_FORMAT = dwarf;
				ENABLE_STRICT_OBJC_MSGSEND = YES;
				ENABLE_TESTABILITY = YES;
				ENABLE_USER_SCRIPT_SANDBOXING = YES;
				GCC_C_LANGUAGE_STANDARD = gnu17;
				GCC_DYNAMIC_NO_PIC = NO;
				GCC_NO_COMMON_BLOCKS = YES;
				GCC_OPTIMIZATION_LEVEL = 0;
				GCC_PREPROCESSOR_DEFINITIONS = (
					"DEBUG=1",
					"$(inherited)",
				);
				GCC_WARN_64_TO_32_BIT_CONVERSION = YES;
				GCC_WARN_ABOUT_RETURN_TYPE = YES_ERROR;
				GCC_WARN_UNDECLARED_SELECTOR = YES;
				GCC_WARN_UNINITIALIZED_AUTOS = YES_AGGRESSIVE;
				GCC_WARN_UNUSED_FUNCTION = YES;
				GCC_WARN_UNUSED_VARIABLE = YES;
				IPHONEOS_DEPLOYMENT_TARGET = 17.2;
				LOCALIZATION_PREFERS_STRING_CATALOGS = YES;
				MTL_ENABLE_DEBUG_INFO = INCLUDE_SOURCE;
				MTL_FAST_MATH = YES;
				ONLY_ACTIVE_ARCH = YES;
				SDKROOT = iphoneos;
				SWIFT_ACTIVE_COMPILATION_CONDITIONS = "DEBUG $(inherited)";
				SWIFT_OPTIMIZATION_LEVEL = "-Onone";
			};
			name = Debug;
		};
		6E3CBC792B56642F007B9FF9 /* Release */ = {
			isa = XCBuildConfiguration;
			buildSettings = {
				ALWAYS_SEARCH_USER_PATHS = NO;
				ASSETCATALOG_COMPILER_GENERATE_SWIFT_ASSET_SYMBOL_EXTENSIONS = YES;
				CLANG_ANALYZER_NONNULL = YES;
				CLANG_ANALYZER_NUMBER_OBJECT_CONVERSION = YES_AGGRESSIVE;
				CLANG_CXX_LANGUAGE_STANDARD = "gnu++20";
				CLANG_ENABLE_MODULES = YES;
				CLANG_ENABLE_OBJC_ARC = YES;
				CLANG_ENABLE_OBJC_WEAK = YES;
				CLANG_WARN_BLOCK_CAPTURE_AUTORELEASING = YES;
				CLANG_WARN_BOOL_CONVERSION = YES;
				CLANG_WARN_COMMA = YES;
				CLANG_WARN_CONSTANT_CONVERSION = YES;
				CLANG_WARN_DEPRECATED_OBJC_IMPLEMENTATIONS = YES;
				CLANG_WARN_DIRECT_OBJC_ISA_USAGE = YES_ERROR;
				CLANG_WARN_DOCUMENTATION_COMMENTS = YES;
				CLANG_WARN_EMPTY_BODY = YES;
				CLANG_WARN_ENUM_CONVERSION = YES;
				CLANG_WARN_INFINITE_RECURSION = YES;
				CLANG_WARN_INT_CONVERSION = YES;
				CLANG_WARN_NON_LITERAL_NULL_CONVERSION = YES;
				CLANG_WARN_OBJC_IMPLICIT_RETAIN_SELF = YES;
				CLANG_WARN_OBJC_LITERAL_CONVERSION = YES;
				CLANG_WARN_OBJC_ROOT_CLASS = YES_ERROR;
				CLANG_WARN_QUOTED_INCLUDE_IN_FRAMEWORK_HEADER = YES;
				CLANG_WARN_RANGE_LOOP_ANALYSIS = YES;
				CLANG_WARN_STRICT_PROTOTYPES = YES;
				CLANG_WARN_SUSPICIOUS_MOVE = YES;
				CLANG_WARN_UNGUARDED_AVAILABILITY = YES_AGGRESSIVE;
				CLANG_WARN_UNREACHABLE_CODE = YES;
				CLANG_WARN__DUPLICATE_METHOD_MATCH = YES;
				COPY_PHASE_STRIP = NO;
				DEBUG_INFORMATION_FORMAT = "dwarf-with-dsym";
				ENABLE_NS_ASSERTIONS = NO;
				ENABLE_STRICT_OBJC_MSGSEND = YES;
				ENABLE_USER_SCRIPT_SANDBOXING = YES;
				GCC_C_LANGUAGE_STANDARD = gnu17;
				GCC_NO_COMMON_BLOCKS = YES;
				GCC_WARN_64_TO_32_BIT_CONVERSION = YES;
				GCC_WARN_ABOUT_RETURN_TYPE = YES_ERROR;
				GCC_WARN_UNDECLARED_SELECTOR = YES;
				GCC_WARN_UNINITIALIZED_AUTOS = YES_AGGRESSIVE;
				GCC_WARN_UNUSED_FUNCTION = YES;
				GCC_WARN_UNUSED_VARIABLE = YES;
				IPHONEOS_DEPLOYMENT_TARGET = 17.2;
				LOCALIZATION_PREFERS_STRING_CATALOGS = YES;
				MTL_ENABLE_DEBUG_INFO = NO;
				MTL_FAST_MATH = YES;
				SDKROOT = iphoneos;
				SWIFT_COMPILATION_MODE = wholemodule;
				VALIDATE_PRODUCT = YES;
			};
			name = Release;
		};
		6E3CBC7B2B56642F007B9FF9 /* Debug */ = {
			isa = XCBuildConfiguration;
			buildSettings = {
				ASSETCATALOG_COMPILER_APPICON_NAME = AppIcon;
				ASSETCATALOG_COMPILER_GLOBAL_ACCENT_COLOR_NAME = AccentColor;
				CODE_SIGN_STYLE = Automatic;
				CURRENT_PROJECT_VERSION = 1;
				DEVELOPMENT_TEAM = 75QZ7682T2;
				GENERATE_INFOPLIST_FILE = YES;
				INFOPLIST_FILE = Lotto/Config/Info.plist;
				INFOPLIST_KEY_UIApplicationSupportsIndirectInputEvents = YES;
				INFOPLIST_KEY_UILaunchStoryboardName = LaunchScreen;
				INFOPLIST_KEY_UIMainStoryboardFile = Main;
				INFOPLIST_KEY_UISupportedInterfaceOrientations_iPad = "UIInterfaceOrientationPortrait UIInterfaceOrientationPortraitUpsideDown UIInterfaceOrientationLandscapeLeft UIInterfaceOrientationLandscapeRight";
				INFOPLIST_KEY_UISupportedInterfaceOrientations_iPhone = "UIInterfaceOrientationPortrait UIInterfaceOrientationLandscapeLeft UIInterfaceOrientationLandscapeRight";
				LD_RUNPATH_SEARCH_PATHS = (
					"$(inherited)",
					"@executable_path/Frameworks",
				);
				MARKETING_VERSION = 1.0;
				PRODUCT_BUNDLE_IDENTIFIER = com.Kaz.Lotto;
				PRODUCT_NAME = "$(TARGET_NAME)";
				SWIFT_EMIT_LOC_STRINGS = YES;
				SWIFT_VERSION = 5.0;
				TARGETED_DEVICE_FAMILY = "1,2";
			};
			name = Debug;
		};
		6E3CBC7C2B56642F007B9FF9 /* Release */ = {
			isa = XCBuildConfiguration;
			buildSettings = {
				ASSETCATALOG_COMPILER_APPICON_NAME = AppIcon;
				ASSETCATALOG_COMPILER_GLOBAL_ACCENT_COLOR_NAME = AccentColor;
				CODE_SIGN_STYLE = Automatic;
				CURRENT_PROJECT_VERSION = 1;
				DEVELOPMENT_TEAM = 75QZ7682T2;
				GENERATE_INFOPLIST_FILE = YES;
				INFOPLIST_FILE = Lotto/Config/Info.plist;
				INFOPLIST_KEY_UIApplicationSupportsIndirectInputEvents = YES;
				INFOPLIST_KEY_UILaunchStoryboardName = LaunchScreen;
				INFOPLIST_KEY_UIMainStoryboardFile = Main;
				INFOPLIST_KEY_UISupportedInterfaceOrientations_iPad = "UIInterfaceOrientationPortrait UIInterfaceOrientationPortraitUpsideDown UIInterfaceOrientationLandscapeLeft UIInterfaceOrientationLandscapeRight";
				INFOPLIST_KEY_UISupportedInterfaceOrientations_iPhone = "UIInterfaceOrientationPortrait UIInterfaceOrientationLandscapeLeft UIInterfaceOrientationLandscapeRight";
				LD_RUNPATH_SEARCH_PATHS = (
					"$(inherited)",
					"@executable_path/Frameworks",
				);
				MARKETING_VERSION = 1.0;
				PRODUCT_BUNDLE_IDENTIFIER = com.Kaz.Lotto;
				PRODUCT_NAME = "$(TARGET_NAME)";
				SWIFT_EMIT_LOC_STRINGS = YES;
				SWIFT_VERSION = 5.0;
				TARGETED_DEVICE_FAMILY = "1,2";
			};
			name = Release;
		};
		6E3CBCA12B567288007B9FF9 /* Debug */ = {
			isa = XCBuildConfiguration;
			buildSettings = {
				ASSETCATALOG_COMPILER_APPICON_NAME = AppIcon;
				ASSETCATALOG_COMPILER_GLOBAL_ACCENT_COLOR_NAME = AccentColor;
				CODE_SIGN_STYLE = Automatic;
				CURRENT_PROJECT_VERSION = 1;
				DEVELOPMENT_TEAM = 75QZ7682T2;
				GENERATE_INFOPLIST_FILE = YES;
				INFOPLIST_FILE = Beer/Config/Info.plist;
				INFOPLIST_KEY_UIApplicationSupportsIndirectInputEvents = YES;
				INFOPLIST_KEY_UILaunchStoryboardName = LaunchScreen;
				INFOPLIST_KEY_UIMainStoryboardFile = Main;
				INFOPLIST_KEY_UISupportedInterfaceOrientations_iPad = "UIInterfaceOrientationPortrait UIInterfaceOrientationPortraitUpsideDown UIInterfaceOrientationLandscapeLeft UIInterfaceOrientationLandscapeRight";
				INFOPLIST_KEY_UISupportedInterfaceOrientations_iPhone = "UIInterfaceOrientationPortrait UIInterfaceOrientationLandscapeLeft UIInterfaceOrientationLandscapeRight";
				LD_RUNPATH_SEARCH_PATHS = (
					"$(inherited)",
					"@executable_path/Frameworks",
				);
				MARKETING_VERSION = 1.0;
				PRODUCT_BUNDLE_IDENTIFIER = com.Kaz.Beer;
				PRODUCT_NAME = "$(TARGET_NAME)";
				SWIFT_EMIT_LOC_STRINGS = YES;
				SWIFT_VERSION = 5.0;
				TARGETED_DEVICE_FAMILY = "1,2";
			};
			name = Debug;
		};
		6E3CBCA22B567288007B9FF9 /* Release */ = {
			isa = XCBuildConfiguration;
			buildSettings = {
				ASSETCATALOG_COMPILER_APPICON_NAME = AppIcon;
				ASSETCATALOG_COMPILER_GLOBAL_ACCENT_COLOR_NAME = AccentColor;
				CODE_SIGN_STYLE = Automatic;
				CURRENT_PROJECT_VERSION = 1;
				DEVELOPMENT_TEAM = 75QZ7682T2;
				GENERATE_INFOPLIST_FILE = YES;
				INFOPLIST_FILE = Beer/Config/Info.plist;
				INFOPLIST_KEY_UIApplicationSupportsIndirectInputEvents = YES;
				INFOPLIST_KEY_UILaunchStoryboardName = LaunchScreen;
				INFOPLIST_KEY_UIMainStoryboardFile = Main;
				INFOPLIST_KEY_UISupportedInterfaceOrientations_iPad = "UIInterfaceOrientationPortrait UIInterfaceOrientationPortraitUpsideDown UIInterfaceOrientationLandscapeLeft UIInterfaceOrientationLandscapeRight";
				INFOPLIST_KEY_UISupportedInterfaceOrientations_iPhone = "UIInterfaceOrientationPortrait UIInterfaceOrientationLandscapeLeft UIInterfaceOrientationLandscapeRight";
				LD_RUNPATH_SEARCH_PATHS = (
					"$(inherited)",
					"@executable_path/Frameworks",
				);
				MARKETING_VERSION = 1.0;
				PRODUCT_BUNDLE_IDENTIFIER = com.Kaz.Beer;
				PRODUCT_NAME = "$(TARGET_NAME)";
				SWIFT_EMIT_LOC_STRINGS = YES;
				SWIFT_VERSION = 5.0;
				TARGETED_DEVICE_FAMILY = "1,2";
			};
			name = Release;
		};
/* End XCBuildConfiguration section */

/* Begin XCConfigurationList section */
		6E3CBC612B56642D007B9FF9 /* Build configuration list for PBXProject "SeSAC-Mission-Network" */ = {
			isa = XCConfigurationList;
			buildConfigurations = (
				6E3CBC782B56642F007B9FF9 /* Debug */,
				6E3CBC792B56642F007B9FF9 /* Release */,
			);
			defaultConfigurationIsVisible = 0;
			defaultConfigurationName = Release;
		};
		6E3CBC7A2B56642F007B9FF9 /* Build configuration list for PBXNativeTarget "Lotto" */ = {
			isa = XCConfigurationList;
			buildConfigurations = (
				6E3CBC7B2B56642F007B9FF9 /* Debug */,
				6E3CBC7C2B56642F007B9FF9 /* Release */,
			);
			defaultConfigurationIsVisible = 0;
			defaultConfigurationName = Release;
		};
		6E3CBCA02B567288007B9FF9 /* Build configuration list for PBXNativeTarget "Beer" */ = {
			isa = XCConfigurationList;
			buildConfigurations = (
				6E3CBCA12B567288007B9FF9 /* Debug */,
				6E3CBCA22B567288007B9FF9 /* Release */,
			);
			defaultConfigurationIsVisible = 0;
			defaultConfigurationName = Release;
		};
/* End XCConfigurationList section */

/* Begin XCRemoteSwiftPackageReference section */
		6E3CBC842B566F2D007B9FF9 /* XCRemoteSwiftPackageReference "Alamofire" */ = {
			isa = XCRemoteSwiftPackageReference;
			repositoryURL = "https://github.com/Alamofire/Alamofire";
			requirement = {
				kind = upToNextMajorVersion;
				minimumVersion = 5.8.1;
			};
		};
		6E3CBCAC2B567379007B9FF9 /* XCRemoteSwiftPackageReference "Kingfisher" */ = {
			isa = XCRemoteSwiftPackageReference;
			repositoryURL = "https://github.com/onevcat/Kingfisher";
			requirement = {
				kind = upToNextMajorVersion;
				minimumVersion = 7.10.2;
			};
		};
/* End XCRemoteSwiftPackageReference section */

/* Begin XCSwiftPackageProductDependency section */
		6E3CBC852B566F2D007B9FF9 /* Alamofire */ = {
			isa = XCSwiftPackageProductDependency;
			package = 6E3CBC842B566F2D007B9FF9 /* XCRemoteSwiftPackageReference "Alamofire" */;
			productName = Alamofire;
		};
		6E3CBCAD2B567379007B9FF9 /* Kingfisher */ = {
			isa = XCSwiftPackageProductDependency;
			package = 6E3CBCAC2B567379007B9FF9 /* XCRemoteSwiftPackageReference "Kingfisher" */;
			productName = Kingfisher;
		};
		6E3CBCC32B567AF0007B9FF9 /* Alamofire */ = {
			isa = XCSwiftPackageProductDependency;
			package = 6E3CBC842B566F2D007B9FF9 /* XCRemoteSwiftPackageReference "Alamofire" */;
			productName = Alamofire;
		};
/* End XCSwiftPackageProductDependency section */
	};
	rootObject = 6E3CBC5E2B56642D007B9FF9 /* Project object */;
}
